
Microsoft Visual Studio Solution File, Format Version 12.00
# Visual Studio Version 17
VisualStudioVersion = 17.10.35013.160
MinimumVisualStudioVersion = 10.0.40219.1
Project("{9A19103F-16F7-4668-BE54-9A1E7A4F7556}") = "Assignments", "Assignments\Assignments.csproj", "{1B6D03B8-4227-4213-B7E8-8530660469DD}"
EndProject
Project("{9A19103F-16F7-4668-BE54-9A1E7A4F7556}") = "C42_G01_OOP01", "C42_G01_OOP01\C42_G01_OOP01.csproj", "{9BC58C1F-6CD0-4D47-A06F-C0E19ED1F8F3}"
EndProject
Project("{9A19103F-16F7-4668-BE54-9A1E7A4F7556}") = "C42_G01_OOP02", "C42_G01_OOP02\C42_G01_OOP02.csproj", "{F00A743E-D42F-4C7E-AEE5-5FE1788AB25F}"
EndProject
Project("{9A19103F-16F7-4668-BE54-9A1E7A4F7556}") = "C42_G01_OOP04", "C42_G01_OOP04\C42_G01_OOP04.csproj", "{B414D826-F91C-4A37-B88D-8C2982731E75}"
EndProject
Project("{9A19103F-16F7-4668-BE54-9A1E7A4F7556}") = "C42_G01_OOP05", "C42_G01_OOP05\C42_G01_OOP05.csproj", "{1C33E6B4-030D-4799-BCF3-A4815EADBD2F}"
EndProject
Project("{FAE04EC0-301F-11D3-BF4B-00C04F79EFBC}") = "C42-G01-ADV01", "C42-G01-ADV01\C42-G01-ADV01.csproj", "{BC5BA9E0-E3AD-4540-BA5C-4B8212DBCC94}"
EndProject
Global
	GlobalSection(SolutionConfigurationPlatforms) = preSolution
		Debug|Any CPU = Debug|Any CPU
		Release|Any CPU = Release|Any CPU
	EndGlobalSection
	GlobalSection(ProjectConfigurationPlatforms) = postSolution
		{1B6D03B8-4227-4213-B7E8-8530660469DD}.Debug|Any CPU.ActiveCfg = Debug|Any CPU
		{1B6D03B8-4227-4213-B7E8-8530660469DD}.Debug|Any CPU.Build.0 = Debug|Any CPU
		{1B6D03B8-4227-4213-B7E8-8530660469DD}.Release|Any CPU.ActiveCfg = Release|Any CPU
		{1B6D03B8-4227-4213-B7E8-8530660469DD}.Release|Any CPU.Build.0 = Release|Any CPU
		{9BC58C1F-6CD0-4D47-A06F-C0E19ED1F8F3}.Debug|Any CPU.ActiveCfg = Debug|Any CPU
		{9BC58C1F-6CD0-4D47-A06F-C0E19ED1F8F3}.Debug|Any CPU.Build.0 = Debug|Any CPU
		{9BC58C1F-6CD0-4D47-A06F-C0E19ED1F8F3}.Release|Any CPU.ActiveCfg = Release|Any CPU
		{9BC58C1F-6CD0-4D47-A06F-C0E19ED1F8F3}.Release|Any CPU.Build.0 = Release|Any CPU
		{F00A743E-D42F-4C7E-AEE5-5FE1788AB25F}.Debug|Any CPU.ActiveCfg = Debug|Any CPU
		{F00A743E-D42F-4C7E-AEE5-5FE1788AB25F}.Debug|Any CPU.Build.0 = Debug|Any CPU
		{F00A743E-D42F-4C7E-AEE5-5FE1788AB25F}.Release|Any CPU.ActiveCfg = Release|Any CPU
		{F00A743E-D42F-4C7E-AEE5-5FE1788AB25F}.Release|Any CPU.Build.0 = Release|Any CPU
		{B414D826-F91C-4A37-B88D-8C2982731E75}.Debug|Any CPU.ActiveCfg = Debug|Any CPU
		{B414D826-F91C-4A37-B88D-8C2982731E75}.Debug|Any CPU.Build.0 = Debug|Any CPU
		{B414D826-F91C-4A37-B88D-8C2982731E75}.Release|Any CPU.ActiveCfg = Release|Any CPU
		{B414D826-F91C-4A37-B88D-8C2982731E75}.Release|Any CPU.Build.0 = Release|Any CPU
		{1C33E6B4-030D-4799-BCF3-A4815EADBD2F}.Debug|Any CPU.ActiveCfg = Debug|Any CPU
		{1C33E6B4-030D-4799-BCF3-A4815EADBD2F}.Debug|Any CPU.Build.0 = Debug|Any CPU
		{1C33E6B4-030D-4799-BCF3-A4815EADBD2F}.Release|Any CPU.ActiveCfg = Release|Any CPU
		{1C33E6B4-030D-4799-BCF3-A4815EADBD2F}.Release|Any CPU.Build.0 = Release|Any CPU
		{BC5BA9E0-E3AD-4540-BA5C-4B8212DBCC94}.Debug|Any CPU.ActiveCfg = Debug|Any CPU
		{BC5BA9E0-E3AD-4540-BA5C-4B8212DBCC94}.Debug|Any CPU.Build.0 = Debug|Any CPU
		{BC5BA9E0-E3AD-4540-BA5C-4B8212DBCC94}.Release|Any CPU.ActiveCfg = Release|Any CPU
		{BC5BA9E0-E3AD-4540-BA5C-4B8212DBCC94}.Release|Any CPU.Build.0 = Release|Any CPU
	EndGlobalSection
	GlobalSection(SolutionProperties) = preSolution
		HideSolutionNode = FALSE
	EndGlobalSection
	GlobalSection(ExtensibilityGlobals) = postSolution
		SolutionGuid = {9B28F55A-F97B-45C7-985E-94D74FBD2AA2}
	EndGlobalSection
EndGlobal
